
Microsoft Visual Studio Solution File, Format Version 12.00
# Visual Studio Version 16
VisualStudioVersion = 16.0.28729.10
MinimumVisualStudioVersion = 10.0.40219.1
Project("{FAE04EC0-301F-11D3-BF4B-00C04F79EFBC}") = "Client", "WpfApp1\Client.csproj", "{AA6EDE96-F5AC-48A4-AAFC-F0C912066262}"
EndProject
Project("{FAE04EC0-301F-11D3-BF4B-00C04F79EFBC}") = "Server", "Server\Server.csproj", "{98AA2086-9674-424A-BF52-9291109221B9}"
EndProject
Project("{FAE04EC0-301F-11D3-BF4B-00C04F79EFBC}") = "FlightService", "FlightService\FlightService.csproj", "{9E9E0E6D-1256-444B-9B8D-D90C6FE9CD11}"
EndProject
Project("{FAE04EC0-301F-11D3-BF4B-00C04F79EFBC}") = "ApplicationSOAPService", "ApplicationSOAPService\ApplicationSOAPService.csproj", "{CE5DEAFB-D326-4107-83D2-4307EA6F47DA}"
EndProject
Project("{FAE04EC0-301F-11D3-BF4B-00C04F79EFBC}") = "CommonObjects", "CommonObjects\CommonObjects.csproj", "{02CF84BD-6313-4ACF-807E-D53A9BB15B80}"
EndProject
Global
	GlobalSection(SolutionConfigurationPlatforms) = preSolution
		Debug|Any CPU = Debug|Any CPU
		Release|Any CPU = Release|Any CPU
	EndGlobalSection
	GlobalSection(ProjectConfigurationPlatforms) = postSolution
		{AA6EDE96-F5AC-48A4-AAFC-F0C912066262}.Debug|Any CPU.ActiveCfg = Debug|Any CPU
		{AA6EDE96-F5AC-48A4-AAFC-F0C912066262}.Debug|Any CPU.Build.0 = Debug|Any CPU
		{AA6EDE96-F5AC-48A4-AAFC-F0C912066262}.Release|Any CPU.ActiveCfg = Release|Any CPU
		{AA6EDE96-F5AC-48A4-AAFC-F0C912066262}.Release|Any CPU.Build.0 = Release|Any CPU
		{98AA2086-9674-424A-BF52-9291109221B9}.Debug|Any CPU.ActiveCfg = Debug|Any CPU
		{98AA2086-9674-424A-BF52-9291109221B9}.Debug|Any CPU.Build.0 = Debug|Any CPU
		{98AA2086-9674-424A-BF52-9291109221B9}.Release|Any CPU.ActiveCfg = Release|Any CPU
		{98AA2086-9674-424A-BF52-9291109221B9}.Release|Any CPU.Build.0 = Release|Any CPU
		{9E9E0E6D-1256-444B-9B8D-D90C6FE9CD11}.Debug|Any CPU.ActiveCfg = Debug|Any CPU
		{9E9E0E6D-1256-444B-9B8D-D90C6FE9CD11}.Debug|Any CPU.Build.0 = Debug|Any CPU
		{9E9E0E6D-1256-444B-9B8D-D90C6FE9CD11}.Release|Any CPU.ActiveCfg = Release|Any CPU
		{9E9E0E6D-1256-444B-9B8D-D90C6FE9CD11}.Release|Any CPU.Build.0 = Release|Any CPU
		{CE5DEAFB-D326-4107-83D2-4307EA6F47DA}.Debug|Any CPU.ActiveCfg = Debug|Any CPU
		{CE5DEAFB-D326-4107-83D2-4307EA6F47DA}.Debug|Any CPU.Build.0 = Debug|Any CPU
		{CE5DEAFB-D326-4107-83D2-4307EA6F47DA}.Release|Any CPU.ActiveCfg = Release|Any CPU
		{CE5DEAFB-D326-4107-83D2-4307EA6F47DA}.Release|Any CPU.Build.0 = Release|Any CPU
		{02CF84BD-6313-4ACF-807E-D53A9BB15B80}.Debug|Any CPU.ActiveCfg = Debug|Any CPU
		{02CF84BD-6313-4ACF-807E-D53A9BB15B80}.Debug|Any CPU.Build.0 = Debug|Any CPU
		{02CF84BD-6313-4ACF-807E-D53A9BB15B80}.Release|Any CPU.ActiveCfg = Release|Any CPU
		{02CF84BD-6313-4ACF-807E-D53A9BB15B80}.Release|Any CPU.Build.0 = Release|Any CPU
	EndGlobalSection
	GlobalSection(SolutionProperties) = preSolution
		HideSolutionNode = FALSE
	EndGlobalSection
	GlobalSection(ExtensibilityGlobals) = postSolution
		SolutionGuid = {7DF7BBAE-4C6E-43CC-A7DA-BDA574FEA510}
	EndGlobalSection
EndGlobal
